{
  "name": "gitclone",
  "lockfileVersion": 3,
  "requires": true,
  "packages": {
    "": {
      "dependencies": {
        "domina": "^0.4.6",
        "doom": "^0.4.6"
      }
    },
    "node_modules/domina": {
      "version": "0.4.6",
      "resolved": "https://registry.npmjs.org/domina/-/domina-0.4.6.tgz",
      "integrity": "sha512-UwB1zg9xaze3aCSElLLeSb21sROsiJiaIGU8YWQkJ/iTO947bL0Zn7NRP93Mhg1PhAdW5QbIJjZEeYx3ZaIVCQ=="
    },
    "node_modules/doom": {
      "version": "0.4.6",
      "resolved": "https://registry.npmjs.org/doom/-/doom-0.4.6.tgz",
      "integrity": "sha512-4V5ZqSwn3dZZMN3ApR2FGF3/lwMXN7GdQwkeIZCxV+E80VNw6GinsneE0q0ibfiZSm6G3zBGM5m929YHhX64kg==",
      "deprecated": "Please use domina instead"
    }
  }
}
